
Microsoft Visual Studio Solution File, Format Version 12.00
# Visual Studio Version 17
VisualStudioVersion = 17.11.35327.3
MinimumVisualStudioVersion = 10.0.40219.1
Project("{FAE04EC0-301F-11D3-BF4B-00C04F79EFBC}") = "CSharpuygulama2", "CSharpuygulama2\CSharpuygulama2.csproj", "{368982B3-4304-43B1-9929-1E673B895381}"
EndProject
Global
	GlobalSection(SolutionConfigurationPlatforms) = preSolution
		Debug|Any CPU = Debug|Any CPU
		Release|Any CPU = Release|Any CPU
	EndGlobalSection
	GlobalSection(ProjectConfigurationPlatforms) = postSolution
		{368982B3-4304-43B1-9929-1E673B895381}.Debug|Any CPU.ActiveCfg = Debug|Any CPU
		{368982B3-4304-43B1-9929-1E673B895381}.Debug|Any CPU.Build.0 = Debug|Any CPU
		{368982B3-4304-43B1-9929-1E673B895381}.Release|Any CPU.ActiveCfg = Release|Any CPU
		{368982B3-4304-43B1-9929-1E673B895381}.Release|Any CPU.Build.0 = Release|Any CPU
	EndGlobalSection
	GlobalSection(SolutionProperties) = preSolution
		HideSolutionNode = FALSE
	EndGlobalSection
	GlobalSection(ExtensibilityGlobals) = postSolution
		SolutionGuid = {B142CD2A-7E77-4478-8D74-80689F64E892}
	EndGlobalSection
EndGlobal
